// !$*UTF8*$!
{
	archiveVersion = 1;
	classes = {
	};
	objectVersion = 48;
	objects = {

/* Begin PBXBuildFile section */
		47DCF9322073CBCC000BB492 /* AppDelegate.swift in Sources */ = {isa = PBXBuildFile; fileRef = 47DCF9312073CBCC000BB492 /* AppDelegate.swift */; };
		47DCF9342073CBCC000BB492 /* ImageGalleryDocumentBrowserViewController.swift in Sources */ = {isa = PBXBuildFile; fileRef = 47DCF9332073CBCC000BB492 /* ImageGalleryDocumentBrowserViewController.swift */; };
		47DCF9362073CBCC000BB492 /* DocumentViewController.swift in Sources */ = {isa = PBXBuildFile; fileRef = 47DCF9352073CBCC000BB492 /* DocumentViewController.swift */; };
		47DCF9382073CBCC000BB492 /* ImageGalleryDocument.swift in Sources */ = {isa = PBXBuildFile; fileRef = 47DCF9372073CBCC000BB492 /* ImageGalleryDocument.swift */; };
		47DCF93B2073CBCC000BB492 /* Main.storyboard in Resources */ = {isa = PBXBuildFile; fileRef = 47DCF9392073CBCC000BB492 /* Main.storyboard */; };
		47DCF93D2073CBCC000BB492 /* Assets.xcassets in Resources */ = {isa = PBXBuildFile; fileRef = 47DCF93C2073CBCC000BB492 /* Assets.xcassets */; };
		47DCF9402073CBCC000BB492 /* LaunchScreen.storyboard in Resources */ = {isa = PBXBuildFile; fileRef = 47DCF93E2073CBCC000BB492 /* LaunchScreen.storyboard */; };
		47DCF94B2073CBCC000BB492 /* PersistentImageGalleryTests.swift in Sources */ = {isa = PBXBuildFile; fileRef = 47DCF94A2073CBCC000BB492 /* PersistentImageGalleryTests.swift */; };
		47DCF95A207521C0000BB492 /* ImageDisplayViewController.swift in Sources */ = {isa = PBXBuildFile; fileRef = 47DCF959207521BF000BB492 /* ImageDisplayViewController.swift */; };
		47DCF95C207521CC000BB492 /* ImageGallery.swift in Sources */ = {isa = PBXBuildFile; fileRef = 47DCF95B207521CB000BB492 /* ImageGallery.swift */; };
		47DCF95E207521D1000BB492 /* Utilities.swift in Sources */ = {isa = PBXBuildFile; fileRef = 47DCF95D207521D1000BB492 /* Utilities.swift */; };
		47DCF9602075227C000BB492 /* ImageCollectionViewCell.swift in Sources */ = {isa = PBXBuildFile; fileRef = 47DCF95F2075227C000BB492 /* ImageCollectionViewCell.swift */; };
		47DCF9642075230C000BB492 /* GalleryDisplayCollectionViewController.swift in Sources */ = {isa = PBXBuildFile; fileRef = 47DCF9632075230C000BB492 /* GalleryDisplayCollectionViewController.swift */; };
/* End PBXBuildFile section */

/* Begin PBXContainerItemProxy section */
		47DCF9472073CBCC000BB492 /* PBXContainerItemProxy */ = {
			isa = PBXContainerItemProxy;
			containerPortal = 47DCF9262073CBCC000BB492 /* Project object */;
			proxyType = 1;
			remoteGlobalIDString = 47DCF92D2073CBCC000BB492;
			remoteInfo = PersistentImageGallery;
		};
/* End PBXContainerItemProxy section */

/* Begin PBXFileReference section */
		47DCF92E2073CBCC000BB492 /* PersistentImageGallery.app */ = {isa = PBXFileReference; explicitFileType = wrapper.application; includeInIndex = 0; path = PersistentImageGallery.app; sourceTree = BUILT_PRODUCTS_DIR; };
		47DCF9312073CBCC000BB492 /* AppDelegate.swift */ = {isa = PBXFileReference; lastKnownFileType = sourcecode.swift; path = AppDelegate.swift; sourceTree = "<group>"; };
		47DCF9332073CBCC000BB492 /* ImageGalleryDocumentBrowserViewController.swift */ = {isa = PBXFileReference; lastKnownFileType = sourcecode.swift; path = ImageGalleryDocumentBrowserViewController.swift; sourceTree = "<group>"; };
		47DCF9352073CBCC000BB492 /* DocumentViewController.swift */ = {isa = PBXFileReference; lastKnownFileType = sourcecode.swift; path = DocumentViewController.swift; sourceTree = "<group>"; };
		47DCF9372073CBCC000BB492 /* ImageGalleryDocument.swift */ = {isa = PBXFileReference; lastKnownFileType = sourcecode.swift; path = ImageGalleryDocument.swift; sourceTree = "<group>"; };
		47DCF93A2073CBCC000BB492 /* Base */ = {isa = PBXFileReference; lastKnownFileType = file.storyboard; name = Base; path = Base.lproj/Main.storyboard; sourceTree = "<group>"; };
		47DCF93C2073CBCC000BB492 /* Assets.xcassets */ = {isa = PBXFileReference; lastKnownFileType = folder.assetcatalog; path = Assets.xcassets; sourceTree = "<group>"; };
		47DCF93F2073CBCC000BB492 /* Base */ = {isa = PBXFileReference; lastKnownFileType = file.storyboard; name = Base; path = Base.lproj/LaunchScreen.storyboard; sourceTree = "<group>"; };
		47DCF9412073CBCC000BB492 /* Info.plist */ = {isa = PBXFileReference; lastKnownFileType = text.plist.xml; path = Info.plist; sourceTree = "<group>"; };
		47DCF9462073CBCC000BB492 /* PersistentImageGalleryTests.xctest */ = {isa = PBXFileReference; explicitFileType = wrapper.cfbundle; includeInIndex = 0; path = PersistentImageGalleryTests.xctest; sourceTree = BUILT_PRODUCTS_DIR; };
		47DCF94A2073CBCC000BB492 /* PersistentImageGalleryTests.swift */ = {isa = PBXFileReference; lastKnownFileType = sourcecode.swift; path = PersistentImageGalleryTests.swift; sourceTree = "<group>"; };
		47DCF94C2073CBCC000BB492 /* Info.plist */ = {isa = PBXFileReference; lastKnownFileType = text.plist.xml; path = Info.plist; sourceTree = "<group>"; };
		47DCF959207521BF000BB492 /* ImageDisplayViewController.swift */ = {isa = PBXFileReference; fileEncoding = 4; lastKnownFileType = sourcecode.swift; path = ImageDisplayViewController.swift; sourceTree = "<group>"; };
		47DCF95B207521CB000BB492 /* ImageGallery.swift */ = {isa = PBXFileReference; fileEncoding = 4; lastKnownFileType = sourcecode.swift; path = ImageGallery.swift; sourceTree = "<group>"; };
		47DCF95D207521D1000BB492 /* Utilities.swift */ = {isa = PBXFileReference; fileEncoding = 4; lastKnownFileType = sourcecode.swift; path = Utilities.swift; sourceTree = "<group>"; };
		47DCF95F2075227C000BB492 /* ImageCollectionViewCell.swift */ = {isa = PBXFileReference; fileEncoding = 4; lastKnownFileType = sourcecode.swift; path = ImageCollectionViewCell.swift; sourceTree = "<group>"; };
		47DCF9632075230C000BB492 /* GalleryDisplayCollectionViewController.swift */ = {isa = PBXFileReference; fileEncoding = 4; lastKnownFileType = sourcecode.swift; path = GalleryDisplayCollectionViewController.swift; sourceTree = "<group>"; };
/* End PBXFileReference section */

/* Begin PBXFrameworksBuildPhase section */
		47DCF92B2073CBCC000BB492 /* Frameworks */ = {
			isa = PBXFrameworksBuildPhase;
			buildActionMask = 2147483647;
			files = (
			);
			runOnlyForDeploymentPostprocessing = 0;
		};
		47DCF9432073CBCC000BB492 /* Frameworks */ = {
			isa = PBXFrameworksBuildPhase;
			buildActionMask = 2147483647;
			files = (
			);
			runOnlyForDeploymentPostprocessing = 0;
		};
/* End PBXFrameworksBuildPhase section */

/* Begin PBXGroup section */
		47DCF9252073CBCC000BB492 = {
			isa = PBXGroup;
			children = (
				47DCF9302073CBCC000BB492 /* PersistentImageGallery */,
				47DCF9492073CBCC000BB492 /* PersistentImageGalleryTests */,
				47DCF92F2073CBCC000BB492 /* Products */,
			);
			sourceTree = "<group>";
		};
		47DCF92F2073CBCC000BB492 /* Products */ = {
			isa = PBXGroup;
			children = (
				47DCF92E2073CBCC000BB492 /* PersistentImageGallery.app */,
				47DCF9462073CBCC000BB492 /* PersistentImageGalleryTests.xctest */,
			);
			name = Products;
			sourceTree = "<group>";
		};
		47DCF9302073CBCC000BB492 /* PersistentImageGallery */ = {
			isa = PBXGroup;
			children = (
				47DCF9352073CBCC000BB492 /* DocumentViewController.swift */,
				47DCF9392073CBCC000BB492 /* Main.storyboard */,
				47DCF9412073CBCC000BB492 /* Info.plist */,
				47DCF962207522EA000BB492 /* Model */,
				47DCF961207522CB000BB492 /* Views */,
				47DCF9652075231C000BB492 /* Controllers */,
				47DCF96620752338000BB492 /* Supporting Files */,
			);
			path = PersistentImageGallery;
			sourceTree = "<group>";
		};
		47DCF9492073CBCC000BB492 /* PersistentImageGalleryTests */ = {
			isa = PBXGroup;
			children = (
				47DCF94A2073CBCC000BB492 /* PersistentImageGalleryTests.swift */,
				47DCF94C2073CBCC000BB492 /* Info.plist */,
			);
			path = PersistentImageGalleryTests;
			sourceTree = "<group>";
		};
		47DCF961207522CB000BB492 /* Views */ = {
			isa = PBXGroup;
			children = (
				47DCF95F2075227C000BB492 /* ImageCollectionViewCell.swift */,
			);
			path = Views;
			sourceTree = "<group>";
		};
		47DCF962207522EA000BB492 /* Model */ = {
			isa = PBXGroup;
			children = (
				47DCF95B207521CB000BB492 /* ImageGallery.swift */,
			);
			path = Model;
			sourceTree = "<group>";
		};
		47DCF9652075231C000BB492 /* Controllers */ = {
			isa = PBXGroup;
			children = (
				47DCF9332073CBCC000BB492 /* ImageGalleryDocumentBrowserViewController.swift */,
				47DCF9632075230C000BB492 /* GalleryDisplayCollectionViewController.swift */,
				47DCF959207521BF000BB492 /* ImageDisplayViewController.swift */,
			);
			path = Controllers;
			sourceTree = "<group>";
		};
		47DCF96620752338000BB492 /* Supporting Files */ = {
			isa = PBXGroup;
			children = (
				47DCF9312073CBCC000BB492 /* AppDelegate.swift */,
				47DCF9372073CBCC000BB492 /* ImageGalleryDocument.swift */,
				47DCF95D207521D1000BB492 /* Utilities.swift */,
				47DCF93C2073CBCC000BB492 /* Assets.xcassets */,
				47DCF93E2073CBCC000BB492 /* LaunchScreen.storyboard */,
			);
			path = "Supporting Files";
			sourceTree = "<group>";
		};
/* End PBXGroup section */

/* Begin PBXNativeTarget section */
		47DCF92D2073CBCC000BB492 /* PersistentImageGallery */ = {
			isa = PBXNativeTarget;
			buildConfigurationList = 47DCF94F2073CBCC000BB492 /* Build configuration list for PBXNativeTarget "PersistentImageGallery" */;
			buildPhases = (
				47DCF92A2073CBCC000BB492 /* Sources */,
				47DCF92B2073CBCC000BB492 /* Frameworks */,
				47DCF92C2073CBCC000BB492 /* Resources */,
			);
			buildRules = (
			);
			dependencies = (
			);
			name = PersistentImageGallery;
			productName = PersistentImageGallery;
			productReference = 47DCF92E2073CBCC000BB492 /* PersistentImageGallery.app */;
			productType = "com.apple.product-type.application";
		};
		47DCF9452073CBCC000BB492 /* PersistentImageGalleryTests */ = {
			isa = PBXNativeTarget;
			buildConfigurationList = 47DCF9522073CBCC000BB492 /* Build configuration list for PBXNativeTarget "PersistentImageGalleryTests" */;
			buildPhases = (
				47DCF9422073CBCC000BB492 /* Sources */,
				47DCF9432073CBCC000BB492 /* Frameworks */,
				47DCF9442073CBCC000BB492 /* Resources */,
			);
			buildRules = (
			);
			dependencies = (
				47DCF9482073CBCC000BB492 /* PBXTargetDependency */,
			);
			name = PersistentImageGalleryTests;
			productName = PersistentImageGalleryTests;
			productReference = 47DCF9462073CBCC000BB492 /* PersistentImageGalleryTests.xctest */;
			productType = "com.apple.product-type.bundle.unit-test";
		};
/* End PBXNativeTarget section */

/* Begin PBXProject section */
		47DCF9262073CBCC000BB492 /* Project object */ = {
			isa = PBXProject;
			attributes = {
				LastSwiftUpdateCheck = 0920;
				LastUpgradeCheck = 0920;
				ORGANIZATIONNAME = "Tiago Maia Lopes";
				TargetAttributes = {
					47DCF92D2073CBCC000BB492 = {
						CreatedOnToolsVersion = 9.2;
						ProvisioningStyle = Automatic;
					};
					47DCF9452073CBCC000BB492 = {
						CreatedOnToolsVersion = 9.2;
						ProvisioningStyle = Automatic;
						TestTargetID = 47DCF92D2073CBCC000BB492;
					};
				};
			};
			buildConfigurationList = 47DCF9292073CBCC000BB492 /* Build configuration list for PBXProject "PersistentImageGallery" */;
			compatibilityVersion = "Xcode 8.0";
			developmentRegion = en;
			hasScannedForEncodings = 0;
			knownRegions = (
				en,
				Base,
			);
			mainGroup = 47DCF9252073CBCC000BB492;
			productRefGroup = 47DCF92F2073CBCC000BB492 /* Products */;
			projectDirPath = "";
			projectRoot = "";
			targets = (
				47DCF92D2073CBCC000BB492 /* PersistentImageGallery */,
				47DCF9452073CBCC000BB492 /* PersistentImageGalleryTests */,
			);
		};
/* End PBXProject section */

/* Begin PBXResourcesBuildPhase section */
		47DCF92C2073CBCC000BB492 /* Resources */ = {
			isa = PBXResourcesBuildPhase;
			buildActionMask = 2147483647;
			files = (
				47DCF9402073CBCC000BB492 /* LaunchScreen.storyboard in Resources */,
				47DCF93D2073CBCC000BB492 /* Assets.xcassets in Resources */,
				47DCF93B2073CBCC000BB492 /* Main.storyboard in Resources */,
			);
			runOnlyForDeploymentPostprocessing = 0;
		};
		47DCF9442073CBCC000BB492 /* Resources */ = {
			isa = PBXResourcesBuildPhase;
			buildActionMask = 2147483647;
			files = (
			);
			runOnlyForDeploymentPostprocessing = 0;
		};
/* End PBXResourcesBuildPhase section */

/* Begin PBXSourcesBuildPhase section */
		47DCF92A2073CBCC000BB492 /* Sources */ = {
			isa = PBXSourcesBuildPhase;
			buildActionMask = 2147483647;
			files = (
				47DCF95A207521C0000BB492 /* ImageDisplayViewController.swift in Sources */,
				47DCF9382073CBCC000BB492 /* ImageGalleryDocument.swift in Sources */,
				47DCF9362073CBCC000BB492 /* DocumentViewController.swift in Sources */,
				47DCF95C207521CC000BB492 /* ImageGallery.swift in Sources */,
				47DCF9342073CBCC000BB492 /* ImageGalleryDocumentBrowserViewController.swift in Sources */,
				47DCF9602075227C000BB492 /* ImageCollectionViewCell.swift in Sources */,
				47DCF95E207521D1000BB492 /* Utilities.swift in Sources */,
				47DCF9322073CBCC000BB492 /* AppDelegate.swift in Sources */,
				47DCF9642075230C000BB492 /* GalleryDisplayCollectionViewController.swift in Sources */,
			);
			runOnlyForDeploymentPostprocessing = 0;
		};
		47DCF9422073CBCC000BB492 /* Sources */ = {
			isa = PBXSourcesBuildPhase;
			buildActionMask = 2147483647;
			files = (
				47DCF94B2073CBCC000BB492 /* PersistentImageGalleryTests.swift in Sources */,
			);
			runOnlyForDeploymentPostprocessing = 0;
		};
/* End PBXSourcesBuildPhase section */

/* Begin PBXTargetDependency section */
		47DCF9482073CBCC000BB492 /* PBXTargetDependency */ = {
			isa = PBXTargetDependency;
			target = 47DCF92D2073CBCC000BB492 /* PersistentImageGallery */;
			targetProxy = 47DCF9472073CBCC000BB492 /* PBXContainerItemProxy */;
		};
/* End PBXTargetDependency section */

/* Begin PBXVariantGroup section */
		47DCF9392073CBCC000BB492 /* Main.storyboard */ = {
			isa = PBXVariantGroup;
			children = (
				47DCF93A2073CBCC000BB492 /* Base */,
			);
			name = Main.storyboard;
			sourceTree = "<group>";
		};
		47DCF93E2073CBCC000BB492 /* LaunchScreen.storyboard */ = {
			isa = PBXVariantGroup;
			children = (
				47DCF93F2073CBCC000BB492 /* Base */,
			);
			name = LaunchScreen.storyboard;
			sourceTree = "<group>";
		};
/* End PBXVariantGroup section */

/* Begin XCBuildConfiguration section */
		47DCF94D2073CBCC000BB492 /* Debug */ = {
			isa = XCBuildConfiguration;
			buildSettings = {
				ALWAYS_SEARCH_USER_PATHS = NO;
				CLANG_ANALYZER_NONNULL = YES;
				CLANG_ANALYZER_NUMBER_OBJECT_CONVERSION = YES_AGGRESSIVE;
				CLANG_CXX_LANGUAGE_STANDARD = "gnu++14";
				CLANG_CXX_LIBRARY = "libc++";
				CLANG_ENABLE_MODULES = YES;
				CLANG_ENABLE_OBJC_ARC = YES;
				CLANG_WARN_BLOCK_CAPTURE_AUTORELEASING = YES;
				CLANG_WARN_BOOL_CONVERSION = YES;
				CLANG_WARN_COMMA = YES;
				CLANG_WARN_CONSTANT_CONVERSION = YES;
				CLANG_WARN_DIRECT_OBJC_ISA_USAGE = YES_ERROR;
				CLANG_WARN_DOCUMENTATION_COMMENTS = YES;
				CLANG_WARN_EMPTY_BODY = YES;
				CLANG_WARN_ENUM_CONVERSION = YES;
				CLANG_WARN_INFINITE_RECURSION = YES;
				CLANG_WARN_INT_CONVERSION = YES;
				CLANG_WARN_NON_LITERAL_NULL_CONVERSION = YES;
				CLANG_WARN_OBJC_LITERAL_CONVERSION = YES;
				CLANG_WARN_OBJC_ROOT_CLASS = YES_ERROR;
				CLANG_WARN_RANGE_LOOP_ANALYSIS = YES;
				CLANG_WARN_STRICT_PROTOTYPES = YES;
				CLANG_WARN_SUSPICIOUS_MOVE = YES;
				CLANG_WARN_UNGUARDED_AVAILABILITY = YES_AGGRESSIVE;
				CLANG_WARN_UNREACHABLE_CODE = YES;
				CLANG_WARN__DUPLICATE_METHOD_MATCH = YES;
				CODE_SIGN_IDENTITY = "iPhone Developer";
				COPY_PHASE_STRIP = NO;
				DEBUG_INFORMATION_FORMAT = dwarf;
				ENABLE_STRICT_OBJC_MSGSEND = YES;
				ENABLE_TESTABILITY = YES;
				GCC_C_LANGUAGE_STANDARD = gnu11;
				GCC_DYNAMIC_NO_PIC = NO;
				GCC_NO_COMMON_BLOCKS = YES;
				GCC_OPTIMIZATION_LEVEL = 0;
				GCC_PREPROCESSOR_DEFINITIONS = (
					"DEBUG=1",
					"$(inherited)",
				);
				GCC_WARN_64_TO_32_BIT_CONVERSION = YES;
				GCC_WARN_ABOUT_RETURN_TYPE = YES_ERROR;
				GCC_WARN_UNDECLARED_SELECTOR = YES;
				GCC_WARN_UNINITIALIZED_AUTOS = YES_AGGRESSIVE;
				GCC_WARN_UNUSED_FUNCTION = YES;
				GCC_WARN_UNUSED_VARIABLE = YES;
				IPHONEOS_DEPLOYMENT_TARGET = 11.2;
				MTL_ENABLE_DEBUG_INFO = YES;
				ONLY_ACTIVE_ARCH = YES;
				SDKROOT = iphoneos;
				SWIFT_ACTIVE_COMPILATION_CONDITIONS = DEBUG;
				SWIFT_OPTIMIZATION_LEVEL = "-Onone";
			};
			name = Debug;
		};
		47DCF94E2073CBCC000BB492 /* Release */ = {
			isa = XCBuildConfiguration;
			buildSettings = {
				ALWAYS_SEARCH_USER_PATHS = NO;
				CLANG_ANALYZER_NONNULL = YES;
				CLANG_ANALYZER_NUMBER_OBJECT_CONVERSION = YES_AGGRESSIVE;
				CLANG_CXX_LANGUAGE_STANDARD = "gnu++14";
				CLANG_CXX_LIBRARY = "libc++";
				CLANG_ENABLE_MODULES = YES;
				CLANG_ENABLE_OBJC_ARC = YES;
				CLANG_WARN_BLOCK_CAPTURE_AUTORELEASING = YES;
				CLANG_WARN_BOOL_CONVERSION = YES;
				CLANG_WARN_COMMA = YES;
				CLANG_WARN_CONSTANT_CONVERSION = YES;
				CLANG_WARN_DIRECT_OBJC_ISA_USAGE = YES_ERROR;
				CLANG_WARN_DOCUMENTATION_COMMENTS = YES;
				CLANG_WARN_EMPTY_BODY = YES;
				CLANG_WARN_ENUM_CONVERSION = YES;
				CLANG_WARN_INFINITE_RECURSION = YES;
				CLANG_WARN_INT_CONVERSION = YES;
				CLANG_WARN_NON_LITERAL_NULL_CONVERSION = YES;
				CLANG_WARN_OBJC_LITERAL_CONVERSION = YES;
				CLANG_WARN_OBJC_ROOT_CLASS = YES_ERROR;
				CLANG_WARN_RANGE_LOOP_ANALYSIS = YES;
				CLANG_WARN_STRICT_PROTOTYPES = YES;
				CLANG_WARN_SUSPICIOUS_MOVE = YES;
				CLANG_WARN_UNGUARDED_AVAILABILITY = YES_AGGRESSIVE;
				CLANG_WARN_UNREACHABLE_CODE = YES;
				CLANG_WARN__DUPLICATE_METHOD_MATCH = YES;
				CODE_SIGN_IDENTITY = "iPhone Developer";
				COPY_PHASE_STRIP = NO;
				DEBUG_INFORMATION_FORMAT = "dwarf-with-dsym";
				ENABLE_NS_ASSERTIONS = NO;
				ENABLE_STRICT_OBJC_MSGSEND = YES;
				GCC_C_LANGUAGE_STANDARD = gnu11;
				GCC_NO_COMMON_BLOCKS = YES;
				GCC_WARN_64_TO_32_BIT_CONVERSION = YES;
				GCC_WARN_ABOUT_RETURN_TYPE = YES_ERROR;
				GCC_WARN_UNDECLARED_SELECTOR = YES;
				GCC_WARN_UNINITIALIZED_AUTOS = YES_AGGRESSIVE;
				GCC_WARN_UNUSED_FUNCTION = YES;
				GCC_WARN_UNUSED_VARIABLE = YES;
				IPHONEOS_DEPLOYMENT_TARGET = 11.2;
				MTL_ENABLE_DEBUG_INFO = NO;
				SDKROOT = iphoneos;
				SWIFT_OPTIMIZATION_LEVEL = "-Owholemodule";
				VALIDATE_PRODUCT = YES;
			};
			name = Release;
		};
		47DCF9502073CBCC000BB492 /* Debug */ = {
			isa = XCBuildConfiguration;
			buildSettings = {
				ASSETCATALOG_COMPILER_APPICON_NAME = AppIcon;
				CODE_SIGN_STYLE = Automatic;
				DEVELOPMENT_TEAM = 79964U8894;
				INFOPLIST_FILE = PersistentImageGallery/Info.plist;
				LD_RUNPATH_SEARCH_PATHS = "$(inherited) @executable_path/Frameworks";
				PRODUCT_BUNDLE_IDENTIFIER = tiago.maia.PersistentImageGallery;
				PRODUCT_NAME = "$(TARGET_NAME)";
				SWIFT_VERSION = 4.0;
				TARGETED_DEVICE_FAMILY = "1,2";
			};
			name = Debug;
		};
		47DCF9512073CBCC000BB492 /* Release */ = {
			isa = XCBuildConfiguration;
			buildSettings = {
				ASSETCATALOG_COMPILER_APPICON_NAME = AppIcon;
				CODE_SIGN_STYLE = Automatic;
				DEVELOPMENT_TEAM = 79964U8894;
				INFOPLIST_FILE = PersistentImageGallery/Info.plist;
				LD_RUNPATH_SEARCH_PATHS = "$(inherited) @executable_path/Frameworks";
				PRODUCT_BUNDLE_IDENTIFIER = tiago.maia.PersistentImageGallery;
				PRODUCT_NAME = "$(TARGET_NAME)";
				SWIFT_VERSION = 4.0;
				TARGETED_DEVICE_FAMILY = "1,2";
			};
			name = Release;
		};
		47DCF9532073CBCC000BB492 /* Debug */ = {
			isa = XCBuildConfiguration;
			buildSettings = {
				ALWAYS_EMBED_SWIFT_STANDARD_LIBRARIES = YES;
				BUNDLE_LOADER = "$(TEST_HOST)";
				CODE_SIGN_STYLE = Automatic;
				DEVELOPMENT_TEAM = 79964U8894;
				INFOPLIST_FILE = PersistentImageGalleryTests/Info.plist;
				LD_RUNPATH_SEARCH_PATHS = "$(inherited) @executable_path/Frameworks @loader_path/Frameworks";
				PRODUCT_BUNDLE_IDENTIFIER = tiago.maia.PersistentImageGalleryTests;
				PRODUCT_NAME = "$(TARGET_NAME)";
				SWIFT_VERSION = 4.0;
				TARGETED_DEVICE_FAMILY = "1,2";
				TEST_HOST = "$(BUILT_PRODUCTS_DIR)/PersistentImageGallery.app/PersistentImageGallery";
			};
			name = Debug;
		};
		47DCF9542073CBCC000BB492 /* Release */ = {
			isa = XCBuildConfiguration;
			buildSettings = {
				ALWAYS_EMBED_SWIFT_STANDARD_LIBRARIES = YES;
				BUNDLE_LOADER = "$(TEST_HOST)";
				CODE_SIGN_STYLE = Automatic;
				DEVELOPMENT_TEAM = 79964U8894;
				INFOPLIST_FILE = PersistentImageGalleryTests/Info.plist;
				LD_RUNPATH_SEARCH_PATHS = "$(inherited) @executable_path/Frameworks @loader_path/Frameworks";
				PRODUCT_BUNDLE_IDENTIFIER = tiago.maia.PersistentImageGalleryTests;
				PRODUCT_NAME = "$(TARGET_NAME)";
				SWIFT_VERSION = 4.0;
				TARGETED_DEVICE_FAMILY = "1,2";
				TEST_HOST = "$(BUILT_PRODUCTS_DIR)/PersistentImageGallery.app/PersistentImageGallery";
			};
			name = Release;
		};
/* End XCBuildConfiguration section */

/* Begin XCConfigurationList section */
		47DCF9292073CBCC000BB492 /* Build configuration list for PBXProject "PersistentImageGallery" */ = {
			isa = XCConfigurationList;
			buildConfigurations = (
				47DCF94D2073CBCC000BB492 /* Debug */,
				47DCF94E2073CBCC000BB492 /* Release */,
			);
			defaultConfigurationIsVisible = 0;
			defaultConfigurationName = Release;
		};
		47DCF94F2073CBCC000BB492 /* Build configuration list for PBXNativeTarget "PersistentImageGallery" */ = {
			isa = XCConfigurationList;
			buildConfigurations = (
				47DCF9502073CBCC000BB492 /* Debug */,
				47DCF9512073CBCC000BB492 /* Release */,
			);
			defaultConfigurationIsVisible = 0;
			defaultConfigurationName = Release;
		};
		47DCF9522073CBCC000BB492 /* Build configuration list for PBXNativeTarget "PersistentImageGalleryTests" */ = {
			isa = XCConfigurationList;
			buildConfigurations = (
				47DCF9532073CBCC000BB492 /* Debug */,
				47DCF9542073CBCC000BB492 /* Release */,
			);
			defaultConfigurationIsVisible = 0;
			defaultConfigurationName = Release;
		};
/* End XCConfigurationList section */
	};
	rootObject = 47DCF9262073CBCC000BB492 /* Project object */;
}
