// !$*UTF8*$!
{
	archiveVersion = 1;
	classes = {
	};
	objectVersion = 48;
	objects = {

/* Begin PBXBuildFile section */
		472773A420178D1C00157122 /* AppDelegate.swift in Sources */ = {isa = PBXBuildFile; fileRef = 472773A320178D1C00157122 /* AppDelegate.swift */; };
		472773A620178D1C00157122 /* ViewController.swift in Sources */ = {isa = PBXBuildFile; fileRef = 472773A520178D1C00157122 /* ViewController.swift */; };
		472773A920178D1C00157122 /* Main.storyboard in Resources */ = {isa = PBXBuildFile; fileRef = 472773A720178D1C00157122 /* Main.storyboard */; };
		472773AB20178D1C00157122 /* Assets.xcassets in Resources */ = {isa = PBXBuildFile; fileRef = 472773AA20178D1C00157122 /* Assets.xcassets */; };
		472773AE20178D1C00157122 /* LaunchScreen.storyboard in Resources */ = {isa = PBXBuildFile; fileRef = 472773AC20178D1C00157122 /* LaunchScreen.storyboard */; };
		472773B920178D1C00157122 /* SetGameTests.swift in Sources */ = {isa = PBXBuildFile; fileRef = 472773B820178D1C00157122 /* SetGameTests.swift */; };
		479E41EA201814C3009DFC20 /* SetCard.swift in Sources */ = {isa = PBXBuildFile; fileRef = 479E41E9201814C3009DFC20 /* SetCard.swift */; };
		479E41EC2018163A009DFC20 /* SetGame.swift in Sources */ = {isa = PBXBuildFile; fileRef = 479E41EB2018163A009DFC20 /* SetGame.swift */; };
/* End PBXBuildFile section */

/* Begin PBXContainerItemProxy section */
		472773B520178D1C00157122 /* PBXContainerItemProxy */ = {
			isa = PBXContainerItemProxy;
			containerPortal = 4727739820178D1C00157122 /* Project object */;
			proxyType = 1;
			remoteGlobalIDString = 4727739F20178D1C00157122;
			remoteInfo = SetGame;
		};
/* End PBXContainerItemProxy section */

/* Begin PBXFileReference section */
		472773A020178D1C00157122 /* SetGame.app */ = {isa = PBXFileReference; explicitFileType = wrapper.application; includeInIndex = 0; path = SetGame.app; sourceTree = BUILT_PRODUCTS_DIR; };
		472773A320178D1C00157122 /* AppDelegate.swift */ = {isa = PBXFileReference; lastKnownFileType = sourcecode.swift; path = AppDelegate.swift; sourceTree = "<group>"; };
		472773A520178D1C00157122 /* ViewController.swift */ = {isa = PBXFileReference; lastKnownFileType = sourcecode.swift; path = ViewController.swift; sourceTree = "<group>"; };
		472773A820178D1C00157122 /* Base */ = {isa = PBXFileReference; lastKnownFileType = file.storyboard; name = Base; path = Base.lproj/Main.storyboard; sourceTree = "<group>"; };
		472773AA20178D1C00157122 /* Assets.xcassets */ = {isa = PBXFileReference; lastKnownFileType = folder.assetcatalog; path = Assets.xcassets; sourceTree = "<group>"; };
		472773AD20178D1C00157122 /* Base */ = {isa = PBXFileReference; lastKnownFileType = file.storyboard; name = Base; path = Base.lproj/LaunchScreen.storyboard; sourceTree = "<group>"; };
		472773AF20178D1C00157122 /* Info.plist */ = {isa = PBXFileReference; lastKnownFileType = text.plist.xml; path = Info.plist; sourceTree = "<group>"; };
		472773B420178D1C00157122 /* SetGameTests.xctest */ = {isa = PBXFileReference; explicitFileType = wrapper.cfbundle; includeInIndex = 0; path = SetGameTests.xctest; sourceTree = BUILT_PRODUCTS_DIR; };
		472773B820178D1C00157122 /* SetGameTests.swift */ = {isa = PBXFileReference; lastKnownFileType = sourcecode.swift; path = SetGameTests.swift; sourceTree = "<group>"; };
		472773BA20178D1C00157122 /* Info.plist */ = {isa = PBXFileReference; lastKnownFileType = text.plist.xml; path = Info.plist; sourceTree = "<group>"; };
		479E41E9201814C3009DFC20 /* SetCard.swift */ = {isa = PBXFileReference; lastKnownFileType = sourcecode.swift; path = SetCard.swift; sourceTree = "<group>"; };
		479E41EB2018163A009DFC20 /* SetGame.swift */ = {isa = PBXFileReference; lastKnownFileType = sourcecode.swift; path = SetGame.swift; sourceTree = "<group>"; };
/* End PBXFileReference section */

/* Begin PBXFrameworksBuildPhase section */
		4727739D20178D1C00157122 /* Frameworks */ = {
			isa = PBXFrameworksBuildPhase;
			buildActionMask = 2147483647;
			files = (
			);
			runOnlyForDeploymentPostprocessing = 0;
		};
		472773B120178D1C00157122 /* Frameworks */ = {
			isa = PBXFrameworksBuildPhase;
			buildActionMask = 2147483647;
			files = (
			);
			runOnlyForDeploymentPostprocessing = 0;
		};
/* End PBXFrameworksBuildPhase section */

/* Begin PBXGroup section */
		4727739720178D1C00157122 = {
			isa = PBXGroup;
			children = (
				472773A220178D1C00157122 /* SetGame */,
				472773B720178D1C00157122 /* SetGameTests */,
				472773A120178D1C00157122 /* Products */,
			);
			sourceTree = "<group>";
		};
		472773A120178D1C00157122 /* Products */ = {
			isa = PBXGroup;
			children = (
				472773A020178D1C00157122 /* SetGame.app */,
				472773B420178D1C00157122 /* SetGameTests.xctest */,
			);
			name = Products;
			sourceTree = "<group>";
		};
		472773A220178D1C00157122 /* SetGame */ = {
			isa = PBXGroup;
			children = (
				479E41ED20181A0C009DFC20 /* Models */,
				472773A520178D1C00157122 /* ViewController.swift */,
				472773A720178D1C00157122 /* Main.storyboard */,
				472773AF20178D1C00157122 /* Info.plist */,
				472773C320178D3700157122 /* Supporting files */,
			);
			path = SetGame;
			sourceTree = "<group>";
		};
		472773B720178D1C00157122 /* SetGameTests */ = {
			isa = PBXGroup;
			children = (
				472773B820178D1C00157122 /* SetGameTests.swift */,
				472773BA20178D1C00157122 /* Info.plist */,
			);
			path = SetGameTests;
			sourceTree = "<group>";
		};
		472773C320178D3700157122 /* Supporting files */ = {
			isa = PBXGroup;
			children = (
				472773A320178D1C00157122 /* AppDelegate.swift */,
				472773AA20178D1C00157122 /* Assets.xcassets */,
				472773AC20178D1C00157122 /* LaunchScreen.storyboard */,
			);
			path = "Supporting files";
			sourceTree = "<group>";
		};
		479E41ED20181A0C009DFC20 /* Models */ = {
			isa = PBXGroup;
			children = (
				479E41E9201814C3009DFC20 /* SetCard.swift */,
				479E41EB2018163A009DFC20 /* SetGame.swift */,
			);
			path = Models;
			sourceTree = "<group>";
		};
/* End PBXGroup section */

/* Begin PBXNativeTarget section */
		4727739F20178D1C00157122 /* SetGame */ = {
			isa = PBXNativeTarget;
			buildConfigurationList = 472773BD20178D1C00157122 /* Build configuration list for PBXNativeTarget "SetGame" */;
			buildPhases = (
				4727739C20178D1C00157122 /* Sources */,
				4727739D20178D1C00157122 /* Frameworks */,
				4727739E20178D1C00157122 /* Resources */,
			);
			buildRules = (
			);
			dependencies = (
			);
			name = SetGame;
			productName = SetGame;
			productReference = 472773A020178D1C00157122 /* SetGame.app */;
			productType = "com.apple.product-type.application";
		};
		472773B320178D1C00157122 /* SetGameTests */ = {
			isa = PBXNativeTarget;
			buildConfigurationList = 472773C020178D1C00157122 /* Build configuration list for PBXNativeTarget "SetGameTests" */;
			buildPhases = (
				472773B020178D1C00157122 /* Sources */,
				472773B120178D1C00157122 /* Frameworks */,
				472773B220178D1C00157122 /* Resources */,
			);
			buildRules = (
			);
			dependencies = (
				472773B620178D1C00157122 /* PBXTargetDependency */,
			);
			name = SetGameTests;
			productName = SetGameTests;
			productReference = 472773B420178D1C00157122 /* SetGameTests.xctest */;
			productType = "com.apple.product-type.bundle.unit-test";
		};
/* End PBXNativeTarget section */

/* Begin PBXProject section */
		4727739820178D1C00157122 /* Project object */ = {
			isa = PBXProject;
			attributes = {
				LastSwiftUpdateCheck = 0920;
				LastUpgradeCheck = 0940;
				ORGANIZATIONNAME = "Tiago Maia Lopes";
				TargetAttributes = {
					4727739F20178D1C00157122 = {
						CreatedOnToolsVersion = 9.2;
						ProvisioningStyle = Automatic;
					};
					472773B320178D1C00157122 = {
						CreatedOnToolsVersion = 9.2;
						ProvisioningStyle = Automatic;
						TestTargetID = 4727739F20178D1C00157122;
					};
				};
			};
			buildConfigurationList = 4727739B20178D1C00157122 /* Build configuration list for PBXProject "SetGame" */;
			compatibilityVersion = "Xcode 8.0";
			developmentRegion = en;
			hasScannedForEncodings = 0;
			knownRegions = (
				en,
				Base,
			);
			mainGroup = 4727739720178D1C00157122;
			productRefGroup = 472773A120178D1C00157122 /* Products */;
			projectDirPath = "";
			projectRoot = "";
			targets = (
				4727739F20178D1C00157122 /* SetGame */,
				472773B320178D1C00157122 /* SetGameTests */,
			);
		};
/* End PBXProject section */

/* Begin PBXResourcesBuildPhase section */
		4727739E20178D1C00157122 /* Resources */ = {
			isa = PBXResourcesBuildPhase;
			buildActionMask = 2147483647;
			files = (
				472773AE20178D1C00157122 /* LaunchScreen.storyboard in Resources */,
				472773AB20178D1C00157122 /* Assets.xcassets in Resources */,
				472773A920178D1C00157122 /* Main.storyboard in Resources */,
			);
			runOnlyForDeploymentPostprocessing = 0;
		};
		472773B220178D1C00157122 /* Resources */ = {
			isa = PBXResourcesBuildPhase;
			buildActionMask = 2147483647;
			files = (
			);
			runOnlyForDeploymentPostprocessing = 0;
		};
/* End PBXResourcesBuildPhase section */

/* Begin PBXSourcesBuildPhase section */
		4727739C20178D1C00157122 /* Sources */ = {
			isa = PBXSourcesBuildPhase;
			buildActionMask = 2147483647;
			files = (
				479E41EA201814C3009DFC20 /* SetCard.swift in Sources */,
				472773A620178D1C00157122 /* ViewController.swift in Sources */,
				479E41EC2018163A009DFC20 /* SetGame.swift in Sources */,
				472773A420178D1C00157122 /* AppDelegate.swift in Sources */,
			);
			runOnlyForDeploymentPostprocessing = 0;
		};
		472773B020178D1C00157122 /* Sources */ = {
			isa = PBXSourcesBuildPhase;
			buildActionMask = 2147483647;
			files = (
				472773B920178D1C00157122 /* SetGameTests.swift in Sources */,
			);
			runOnlyForDeploymentPostprocessing = 0;
		};
/* End PBXSourcesBuildPhase section */

/* Begin PBXTargetDependency section */
		472773B620178D1C00157122 /* PBXTargetDependency */ = {
			isa = PBXTargetDependency;
			target = 4727739F20178D1C00157122 /* SetGame */;
			targetProxy = 472773B520178D1C00157122 /* PBXContainerItemProxy */;
		};
/* End PBXTargetDependency section */

/* Begin PBXVariantGroup section */
		472773A720178D1C00157122 /* Main.storyboard */ = {
			isa = PBXVariantGroup;
			children = (
				472773A820178D1C00157122 /* Base */,
			);
			name = Main.storyboard;
			sourceTree = "<group>";
		};
		472773AC20178D1C00157122 /* LaunchScreen.storyboard */ = {
			isa = PBXVariantGroup;
			children = (
				472773AD20178D1C00157122 /* Base */,
			);
			name = LaunchScreen.storyboard;
			sourceTree = "<group>";
		};
/* End PBXVariantGroup section */

/* Begin XCBuildConfiguration section */
		472773BB20178D1C00157122 /* Debug */ = {
			isa = XCBuildConfiguration;
			buildSettings = {
				ALWAYS_SEARCH_USER_PATHS = NO;
				CLANG_ANALYZER_NONNULL = YES;
				CLANG_ANALYZER_NUMBER_OBJECT_CONVERSION = YES_AGGRESSIVE;
				CLANG_CXX_LANGUAGE_STANDARD = "gnu++14";
				CLANG_CXX_LIBRARY = "libc++";
				CLANG_ENABLE_MODULES = YES;
				CLANG_ENABLE_OBJC_ARC = YES;
				CLANG_WARN_BLOCK_CAPTURE_AUTORELEASING = YES;
				CLANG_WARN_BOOL_CONVERSION = YES;
				CLANG_WARN_COMMA = YES;
				CLANG_WARN_CONSTANT_CONVERSION = YES;
				CLANG_WARN_DEPRECATED_OBJC_IMPLEMENTATIONS = YES;
				CLANG_WARN_DIRECT_OBJC_ISA_USAGE = YES_ERROR;
				CLANG_WARN_DOCUMENTATION_COMMENTS = YES;
				CLANG_WARN_EMPTY_BODY = YES;
				CLANG_WARN_ENUM_CONVERSION = YES;
				CLANG_WARN_INFINITE_RECURSION = YES;
				CLANG_WARN_INT_CONVERSION = YES;
				CLANG_WARN_NON_LITERAL_NULL_CONVERSION = YES;
				CLANG_WARN_OBJC_IMPLICIT_RETAIN_SELF = YES;
				CLANG_WARN_OBJC_LITERAL_CONVERSION = YES;
				CLANG_WARN_OBJC_ROOT_CLASS = YES_ERROR;
				CLANG_WARN_RANGE_LOOP_ANALYSIS = YES;
				CLANG_WARN_STRICT_PROTOTYPES = YES;
				CLANG_WARN_SUSPICIOUS_MOVE = YES;
				CLANG_WARN_UNGUARDED_AVAILABILITY = YES_AGGRESSIVE;
				CLANG_WARN_UNREACHABLE_CODE = YES;
				CLANG_WARN__DUPLICATE_METHOD_MATCH = YES;
				CODE_SIGN_IDENTITY = "iPhone Developer";
				COPY_PHASE_STRIP = NO;
				DEBUG_INFORMATION_FORMAT = dwarf;
				ENABLE_STRICT_OBJC_MSGSEND = YES;
				ENABLE_TESTABILITY = YES;
				GCC_C_LANGUAGE_STANDARD = gnu11;
				GCC_DYNAMIC_NO_PIC = NO;
				GCC_NO_COMMON_BLOCKS = YES;
				GCC_OPTIMIZATION_LEVEL = 0;
				GCC_PREPROCESSOR_DEFINITIONS = (
					"DEBUG=1",
					"$(inherited)",
				);
				GCC_WARN_64_TO_32_BIT_CONVERSION = YES;
				GCC_WARN_ABOUT_RETURN_TYPE = YES_ERROR;
				GCC_WARN_UNDECLARED_SELECTOR = YES;
				GCC_WARN_UNINITIALIZED_AUTOS = YES_AGGRESSIVE;
				GCC_WARN_UNUSED_FUNCTION = YES;
				GCC_WARN_UNUSED_VARIABLE = YES;
				IPHONEOS_DEPLOYMENT_TARGET = 11.2;
				MTL_ENABLE_DEBUG_INFO = YES;
				ONLY_ACTIVE_ARCH = YES;
				SDKROOT = iphoneos;
				SWIFT_ACTIVE_COMPILATION_CONDITIONS = DEBUG;
				SWIFT_OPTIMIZATION_LEVEL = "-Onone";
			};
			name = Debug;
		};
		472773BC20178D1C00157122 /* Release */ = {
			isa = XCBuildConfiguration;
			buildSettings = {
				ALWAYS_SEARCH_USER_PATHS = NO;
				CLANG_ANALYZER_NONNULL = YES;
				CLANG_ANALYZER_NUMBER_OBJECT_CONVERSION = YES_AGGRESSIVE;
				CLANG_CXX_LANGUAGE_STANDARD = "gnu++14";
				CLANG_CXX_LIBRARY = "libc++";
				CLANG_ENABLE_MODULES = YES;
				CLANG_ENABLE_OBJC_ARC = YES;
				CLANG_WARN_BLOCK_CAPTURE_AUTORELEASING = YES;
				CLANG_WARN_BOOL_CONVERSION = YES;
				CLANG_WARN_COMMA = YES;
				CLANG_WARN_CONSTANT_CONVERSION = YES;
				CLANG_WARN_DEPRECATED_OBJC_IMPLEMENTATIONS = YES;
				CLANG_WARN_DIRECT_OBJC_ISA_USAGE = YES_ERROR;
				CLANG_WARN_DOCUMENTATION_COMMENTS = YES;
				CLANG_WARN_EMPTY_BODY = YES;
				CLANG_WARN_ENUM_CONVERSION = YES;
				CLANG_WARN_INFINITE_RECURSION = YES;
				CLANG_WARN_INT_CONVERSION = YES;
				CLANG_WARN_NON_LITERAL_NULL_CONVERSION = YES;
				CLANG_WARN_OBJC_IMPLICIT_RETAIN_SELF = YES;
				CLANG_WARN_OBJC_LITERAL_CONVERSION = YES;
				CLANG_WARN_OBJC_ROOT_CLASS = YES_ERROR;
				CLANG_WARN_RANGE_LOOP_ANALYSIS = YES;
				CLANG_WARN_STRICT_PROTOTYPES = YES;
				CLANG_WARN_SUSPICIOUS_MOVE = YES;
				CLANG_WARN_UNGUARDED_AVAILABILITY = YES_AGGRESSIVE;
				CLANG_WARN_UNREACHABLE_CODE = YES;
				CLANG_WARN__DUPLICATE_METHOD_MATCH = YES;
				CODE_SIGN_IDENTITY = "iPhone Developer";
				COPY_PHASE_STRIP = NO;
				DEBUG_INFORMATION_FORMAT = "dwarf-with-dsym";
				ENABLE_NS_ASSERTIONS = NO;
				ENABLE_STRICT_OBJC_MSGSEND = YES;
				GCC_C_LANGUAGE_STANDARD = gnu11;
				GCC_NO_COMMON_BLOCKS = YES;
				GCC_WARN_64_TO_32_BIT_CONVERSION = YES;
				GCC_WARN_ABOUT_RETURN_TYPE = YES_ERROR;
				GCC_WARN_UNDECLARED_SELECTOR = YES;
				GCC_WARN_UNINITIALIZED_AUTOS = YES_AGGRESSIVE;
				GCC_WARN_UNUSED_FUNCTION = YES;
				GCC_WARN_UNUSED_VARIABLE = YES;
				IPHONEOS_DEPLOYMENT_TARGET = 11.2;
				MTL_ENABLE_DEBUG_INFO = NO;
				SDKROOT = iphoneos;
				SWIFT_OPTIMIZATION_LEVEL = "-Owholemodule";
				VALIDATE_PRODUCT = YES;
			};
			name = Release;
		};
		472773BE20178D1C00157122 /* Debug */ = {
			isa = XCBuildConfiguration;
			buildSettings = {
				ASSETCATALOG_COMPILER_APPICON_NAME = AppIcon;
				CODE_SIGN_STYLE = Automatic;
				DEVELOPMENT_TEAM = 79964U8894;
				INFOPLIST_FILE = SetGame/Info.plist;
				LD_RUNPATH_SEARCH_PATHS = "$(inherited) @executable_path/Frameworks";
				PRODUCT_BUNDLE_IDENTIFIER = tiago.maia.SetGame;
				PRODUCT_NAME = "$(TARGET_NAME)";
				SWIFT_VERSION = 4.0;
				TARGETED_DEVICE_FAMILY = "1,2";
			};
			name = Debug;
		};
		472773BF20178D1C00157122 /* Release */ = {
			isa = XCBuildConfiguration;
			buildSettings = {
				ASSETCATALOG_COMPILER_APPICON_NAME = AppIcon;
				CODE_SIGN_STYLE = Automatic;
				DEVELOPMENT_TEAM = 79964U8894;
				INFOPLIST_FILE = SetGame/Info.plist;
				LD_RUNPATH_SEARCH_PATHS = "$(inherited) @executable_path/Frameworks";
				PRODUCT_BUNDLE_IDENTIFIER = tiago.maia.SetGame;
				PRODUCT_NAME = "$(TARGET_NAME)";
				SWIFT_VERSION = 4.0;
				TARGETED_DEVICE_FAMILY = "1,2";
			};
			name = Release;
		};
		472773C120178D1C00157122 /* Debug */ = {
			isa = XCBuildConfiguration;
			buildSettings = {
				ALWAYS_EMBED_SWIFT_STANDARD_LIBRARIES = YES;
				BUNDLE_LOADER = "$(TEST_HOST)";
				CODE_SIGN_STYLE = Automatic;
				DEVELOPMENT_TEAM = 79964U8894;
				INFOPLIST_FILE = SetGameTests/Info.plist;
				LD_RUNPATH_SEARCH_PATHS = "$(inherited) @executable_path/Frameworks @loader_path/Frameworks";
				PRODUCT_BUNDLE_IDENTIFIER = tiago.maia.SetGameTests;
				PRODUCT_NAME = "$(TARGET_NAME)";
				SWIFT_VERSION = 4.0;
				TARGETED_DEVICE_FAMILY = "1,2";
				TEST_HOST = "$(BUILT_PRODUCTS_DIR)/SetGame.app/SetGame";
			};
			name = Debug;
		};
		472773C220178D1C00157122 /* Release */ = {
			isa = XCBuildConfiguration;
			buildSettings = {
				ALWAYS_EMBED_SWIFT_STANDARD_LIBRARIES = YES;
				BUNDLE_LOADER = "$(TEST_HOST)";
				CODE_SIGN_STYLE = Automatic;
				DEVELOPMENT_TEAM = 79964U8894;
				INFOPLIST_FILE = SetGameTests/Info.plist;
				LD_RUNPATH_SEARCH_PATHS = "$(inherited) @executable_path/Frameworks @loader_path/Frameworks";
				PRODUCT_BUNDLE_IDENTIFIER = tiago.maia.SetGameTests;
				PRODUCT_NAME = "$(TARGET_NAME)";
				SWIFT_VERSION = 4.0;
				TARGETED_DEVICE_FAMILY = "1,2";
				TEST_HOST = "$(BUILT_PRODUCTS_DIR)/SetGame.app/SetGame";
			};
			name = Release;
		};
/* End XCBuildConfiguration section */

/* Begin XCConfigurationList section */
		4727739B20178D1C00157122 /* Build configuration list for PBXProject "SetGame" */ = {
			isa = XCConfigurationList;
			buildConfigurations = (
				472773BB20178D1C00157122 /* Debug */,
				472773BC20178D1C00157122 /* Release */,
			);
			defaultConfigurationIsVisible = 0;
			defaultConfigurationName = Release;
		};
		472773BD20178D1C00157122 /* Build configuration list for PBXNativeTarget "SetGame" */ = {
			isa = XCConfigurationList;
			buildConfigurations = (
				472773BE20178D1C00157122 /* Debug */,
				472773BF20178D1C00157122 /* Release */,
			);
			defaultConfigurationIsVisible = 0;
			defaultConfigurationName = Release;
		};
		472773C020178D1C00157122 /* Build configuration list for PBXNativeTarget "SetGameTests" */ = {
			isa = XCConfigurationList;
			buildConfigurations = (
				472773C120178D1C00157122 /* Debug */,
				472773C220178D1C00157122 /* Release */,
			);
			defaultConfigurationIsVisible = 0;
			defaultConfigurationName = Release;
		};
/* End XCConfigurationList section */
	};
	rootObject = 4727739820178D1C00157122 /* Project object */;
}
